
Microsoft Visual Studio Solution File, Format Version 12.00
# Visual Studio 15
VisualStudioVersion = 15.0.28307.168
MinimumVisualStudioVersion = 10.0.40219.1
Project("{9A19103F-16F7-4668-BE54-9A1E7A4F7556}") = "WebApplication6", "WebApplication6\WebApplication6.csproj", "{1F364F3B-0636-4B3F-AC24-C5A6AECC3019}"
EndProject
Project("{FAE04EC0-301F-11D3-BF4B-00C04F79EFBC}") = "EFDataAccesLibrary", "EFDataAccesLibrary\EFDataAccesLibrary.csproj", "{F532F7DD-97C8-47D9-8B5E-4E64F0E5D4DB}"
EndProject
Global
	GlobalSection(SolutionConfigurationPlatforms) = preSolution
		Debug|Any CPU = Debug|Any CPU
		Release|Any CPU = Release|Any CPU
	EndGlobalSection
	GlobalSection(ProjectConfigurationPlatforms) = postSolution
		{1F364F3B-0636-4B3F-AC24-C5A6AECC3019}.Debug|Any CPU.ActiveCfg = Debug|Any CPU
		{1F364F3B-0636-4B3F-AC24-C5A6AECC3019}.Debug|Any CPU.Build.0 = Debug|Any CPU
		{1F364F3B-0636-4B3F-AC24-C5A6AECC3019}.Release|Any CPU.ActiveCfg = Release|Any CPU
		{1F364F3B-0636-4B3F-AC24-C5A6AECC3019}.Release|Any CPU.Build.0 = Release|Any CPU
		{F532F7DD-97C8-47D9-8B5E-4E64F0E5D4DB}.Debug|Any CPU.ActiveCfg = Debug|Any CPU
		{F532F7DD-97C8-47D9-8B5E-4E64F0E5D4DB}.Debug|Any CPU.Build.0 = Debug|Any CPU
		{F532F7DD-97C8-47D9-8B5E-4E64F0E5D4DB}.Release|Any CPU.ActiveCfg = Release|Any CPU
		{F532F7DD-97C8-47D9-8B5E-4E64F0E5D4DB}.Release|Any CPU.Build.0 = Release|Any CPU
	EndGlobalSection
	GlobalSection(SolutionProperties) = preSolution
		HideSolutionNode = FALSE
	EndGlobalSection
	GlobalSection(ExtensibilityGlobals) = postSolution
		SolutionGuid = {900F0197-496E-4718-8410-DB3B289ECDFD}
	EndGlobalSection
EndGlobal
